
Microsoft Visual Studio Solution File, Format Version 12.00
# Visual Studio Version 17
VisualStudioVersion = 17.9.34701.34
MinimumVisualStudioVersion = 10.0.40219.1
Project("{FAE04EC0-301F-11D3-BF4B-00C04F79EFBC}") = "MVC", "MVC\MVC.csproj", "{ED641522-3956-4506-9F6B-1CE9CD592052}"
EndProject
Global
	GlobalSection(SolutionConfigurationPlatforms) = preSolution
		Debug|Any CPU = Debug|Any CPU
		Release|Any CPU = Release|Any CPU
	EndGlobalSection
	GlobalSection(ProjectConfigurationPlatforms) = postSolution
		{ED641522-3956-4506-9F6B-1CE9CD592052}.Debug|Any CPU.ActiveCfg = Debug|Any CPU
		{ED641522-3956-4506-9F6B-1CE9CD592052}.Debug|Any CPU.Build.0 = Debug|Any CPU
		{ED641522-3956-4506-9F6B-1CE9CD592052}.Release|Any CPU.ActiveCfg = Release|Any CPU
		{ED641522-3956-4506-9F6B-1CE9CD592052}.Release|Any CPU.Build.0 = Release|Any CPU
	EndGlobalSection
	GlobalSection(SolutionProperties) = preSolution
		HideSolutionNode = FALSE
	EndGlobalSection
	GlobalSection(ExtensibilityGlobals) = postSolution
		SolutionGuid = {7E014AA1-129C-4E49-BFD2-575C843F77E1}
	EndGlobalSection
EndGlobal
